
Microsoft Visual Studio Solution File, Format Version 12.00
# Visual Studio Version 17
VisualStudioVersion = 17.4.33110.190
MinimumVisualStudioVersion = 10.0.40219.1
Project("{FAE04EC0-301F-11D3-BF4B-00C04F79EFBC}") = "io2", "io2\io2.csproj", "{8A516B6E-927E-4D05-9C76-FE28131A5CA5}"
EndProject
Global
	GlobalSection(SolutionConfigurationPlatforms) = preSolution
		Debug|Any CPU = Debug|Any CPU
		Release|Any CPU = Release|Any CPU
	EndGlobalSection
	GlobalSection(ProjectConfigurationPlatforms) = postSolution
		{8A516B6E-927E-4D05-9C76-FE28131A5CA5}.Debug|Any CPU.ActiveCfg = Debug|Any CPU
		{8A516B6E-927E-4D05-9C76-FE28131A5CA5}.Debug|Any CPU.Build.0 = Debug|Any CPU
		{8A516B6E-927E-4D05-9C76-FE28131A5CA5}.Release|Any CPU.ActiveCfg = Release|Any CPU
		{8A516B6E-927E-4D05-9C76-FE28131A5CA5}.Release|Any CPU.Build.0 = Release|Any CPU
	EndGlobalSection
	GlobalSection(SolutionProperties) = preSolution
		HideSolutionNode = FALSE
	EndGlobalSection
	GlobalSection(ExtensibilityGlobals) = postSolution
		SolutionGuid = {7B292958-0163-4E04-B2CC-522D84BE4BEC}
	EndGlobalSection
EndGlobal
